
Microsoft Visual Studio Solution File, Format Version 12.00
# Visual Studio 15
VisualStudioVersion = 15.0.27004.2002
MinimumVisualStudioVersion = 10.0.40219.1
Project("{FAE04EC0-301F-11D3-BF4B-00C04F79EFBC}") = "FireOnWheels.Registration.Service", "FireOnWheels.Registration.Service\FireOnWheels.Registration.Service.csproj", "{0AC9BBE7-2CA6-4D58-9DE7-DA63DAA623CA}"
EndProject
Project("{9A19103F-16F7-4668-BE54-9A1E7A4F7556}") = "FireOnWheels.Registration", "FireOnWheels.Registration\FireOnWheels.Registration.csproj", "{F5D5A2DD-35EE-4C4A-A801-5168E6FD5FBE}"
EndProject
Project("{9A19103F-16F7-4668-BE54-9A1E7A4F7556}") = "FireOnWheels.Contracts", "FireOnWheels.Contracts\FireOnWheels.Contracts.csproj", "{0CE887EF-E2BF-42F0-9AFD-5959A8357135}"
EndProject
Project("{FAE04EC0-301F-11D3-BF4B-00C04F79EFBC}") = "FireOnWheels.Notification.Service", "FireOnWheels.Notification.Service\FireOnWheels.Notification.Service.csproj", "{7279990F-5ED0-4BF0-ABEB-6DEAAF327CE7}"
EndProject
Global
	GlobalSection(SolutionConfigurationPlatforms) = preSolution
		Debug|Any CPU = Debug|Any CPU
		Release|Any CPU = Release|Any CPU
	EndGlobalSection
	GlobalSection(ProjectConfigurationPlatforms) = postSolution
		{0AC9BBE7-2CA6-4D58-9DE7-DA63DAA623CA}.Debug|Any CPU.ActiveCfg = Debug|Any CPU
		{0AC9BBE7-2CA6-4D58-9DE7-DA63DAA623CA}.Debug|Any CPU.Build.0 = Debug|Any CPU
		{0AC9BBE7-2CA6-4D58-9DE7-DA63DAA623CA}.Release|Any CPU.ActiveCfg = Release|Any CPU
		{0AC9BBE7-2CA6-4D58-9DE7-DA63DAA623CA}.Release|Any CPU.Build.0 = Release|Any CPU
		{F5D5A2DD-35EE-4C4A-A801-5168E6FD5FBE}.Debug|Any CPU.ActiveCfg = Debug|Any CPU
		{F5D5A2DD-35EE-4C4A-A801-5168E6FD5FBE}.Debug|Any CPU.Build.0 = Debug|Any CPU
		{F5D5A2DD-35EE-4C4A-A801-5168E6FD5FBE}.Release|Any CPU.ActiveCfg = Release|Any CPU
		{F5D5A2DD-35EE-4C4A-A801-5168E6FD5FBE}.Release|Any CPU.Build.0 = Release|Any CPU
		{0CE887EF-E2BF-42F0-9AFD-5959A8357135}.Debug|Any CPU.ActiveCfg = Debug|Any CPU
		{0CE887EF-E2BF-42F0-9AFD-5959A8357135}.Debug|Any CPU.Build.0 = Debug|Any CPU
		{0CE887EF-E2BF-42F0-9AFD-5959A8357135}.Release|Any CPU.ActiveCfg = Release|Any CPU
		{0CE887EF-E2BF-42F0-9AFD-5959A8357135}.Release|Any CPU.Build.0 = Release|Any CPU
		{7279990F-5ED0-4BF0-ABEB-6DEAAF327CE7}.Debug|Any CPU.ActiveCfg = Debug|Any CPU
		{7279990F-5ED0-4BF0-ABEB-6DEAAF327CE7}.Debug|Any CPU.Build.0 = Debug|Any CPU
		{7279990F-5ED0-4BF0-ABEB-6DEAAF327CE7}.Release|Any CPU.ActiveCfg = Release|Any CPU
		{7279990F-5ED0-4BF0-ABEB-6DEAAF327CE7}.Release|Any CPU.Build.0 = Release|Any CPU
	EndGlobalSection
	GlobalSection(SolutionProperties) = preSolution
		HideSolutionNode = FALSE
	EndGlobalSection
	GlobalSection(ExtensibilityGlobals) = postSolution
		SolutionGuid = {3045F56E-DB92-4CB2-9CF8-CC89ED7A1551}
	EndGlobalSection
EndGlobal
